{
  "requires": true,
  "lockfileVersion": 1,
  "dependencies": {
    "qrcode-js-package": {
      "version": "1.0.4",
      "resolved": "https://registry.npmjs.org/qrcode-js-package/-/qrcode-js-package-1.0.4.tgz",
      "integrity": "sha1-uhH39nK1NwE8OA0DPjuqhl0Htb0="
    },
    "qrious": {
      "version": "4.0.2",
      "resolved": "https://registry.npmjs.org/qrious/-/qrious-4.0.2.tgz",
      "integrity": "sha512-xWPJIrK1zu5Ypn898fBp8RHkT/9ibquV2Kv24S/JY9VYEhMBMKur1gHVsOiNUh7PHP9uCgejjpZUHUIXXKoU/g=="
    },
    "vue": {
      "version": "2.6.12",
      "resolved": "https://registry.npmjs.org/vue/-/vue-2.6.12.tgz",
      "integrity": "sha512-uhmLFETqPPNyuLLbsKz6ioJ4q7AZHzD8ZVFNATNyICSZouqP2Sz0rotWQC8UNBF6VGSCs5abnKJoStA6JbCbfg=="
    },
    "vue-qrcode-component": {
      "version": "2.1.1",
      "resolved": "https://registry.npmjs.org/vue-qrcode-component/-/vue-qrcode-component-2.1.1.tgz",
      "integrity": "sha1-csN1Z62QvKKpNyRWvSiE8PQ+3zg=",
      "requires": {
        "qrcode-js-package": "^1.0.4",
        "vue": "^2.0.1"
      }
    }
  }
}
